
Microsoft Visual Studio Solution File, Format Version 12.00
# Visual Studio Version 17
VisualStudioVersion = 17.2.32526.322
MinimumVisualStudioVersion = 10.0.40219.1
Project("{FAE04EC0-301F-11D3-BF4B-00C04F79EFBC}") = "MyTree", "MyTree\MyTree.csproj", "{9758A3FA-735B-4399-8610-535979211B9B}"
EndProject
Global
	GlobalSection(SolutionConfigurationPlatforms) = preSolution
		Debug|Any CPU = Debug|Any CPU
		Release|Any CPU = Release|Any CPU
	EndGlobalSection
	GlobalSection(ProjectConfigurationPlatforms) = postSolution
		{9758A3FA-735B-4399-8610-535979211B9B}.Debug|Any CPU.ActiveCfg = Debug|Any CPU
		{9758A3FA-735B-4399-8610-535979211B9B}.Debug|Any CPU.Build.0 = Debug|Any CPU
		{9758A3FA-735B-4399-8610-535979211B9B}.Release|Any CPU.ActiveCfg = Release|Any CPU
		{9758A3FA-735B-4399-8610-535979211B9B}.Release|Any CPU.Build.0 = Release|Any CPU
	EndGlobalSection
	GlobalSection(SolutionProperties) = preSolution
		HideSolutionNode = FALSE
	EndGlobalSection
	GlobalSection(ExtensibilityGlobals) = postSolution
		SolutionGuid = {B1FD980E-8A23-40A6-80CB-C93EEA231FA7}
	EndGlobalSection
EndGlobal
