
Microsoft Visual Studio Solution File, Format Version 12.00
# Visual Studio Version 17
VisualStudioVersion = 17.2.32526.322
MinimumVisualStudioVersion = 10.0.40219.1
Project("{9A19103F-16F7-4668-BE54-9A1E7A4F7556}") = "MyList", "MyList\MyList.csproj", "{6C39B6B3-54E5-4ECC-9D00-01B54B830A84}"
EndProject
Project("{9A19103F-16F7-4668-BE54-9A1E7A4F7556}") = "MyStack", "MyStack\MyStack.csproj", "{CEE57A32-13B6-42F7-ACF9-67B2FA94C4D3}"
EndProject
Project("{9A19103F-16F7-4668-BE54-9A1E7A4F7556}") = "MyQueue", "MyQueue\MyQueue.csproj", "{708BC28D-98DA-4DB6-BABB-5B62964D19F0}"
EndProject
Project("{9A19103F-16F7-4668-BE54-9A1E7A4F7556}") = "MyLinkedList", "MyLinkedList\MyLinkedList.csproj", "{B54C37A0-E8FA-4833-9CAF-F697E4ACD5A2}"
EndProject
Project("{FAE04EC0-301F-11D3-BF4B-00C04F79EFBC}") = "MyDoublyLinkedList", "MyDoublyLinkedList\MyDoublyLinkedList.csproj", "{706DF6CD-16E5-40C7-A2F7-92FD5D8412F5}"
EndProject
Project("{FAE04EC0-301F-11D3-BF4B-00C04F79EFBC}") = "MyReversedList", "MyReversedList\MyReversedList.csproj", "{002A9626-5EFB-4403-BE04-91043A69F070}"
EndProject
Global
	GlobalSection(SolutionConfigurationPlatforms) = preSolution
		Debug|Any CPU = Debug|Any CPU
		Release|Any CPU = Release|Any CPU
	EndGlobalSection
	GlobalSection(ProjectConfigurationPlatforms) = postSolution
		{6C39B6B3-54E5-4ECC-9D00-01B54B830A84}.Debug|Any CPU.ActiveCfg = Debug|Any CPU
		{6C39B6B3-54E5-4ECC-9D00-01B54B830A84}.Debug|Any CPU.Build.0 = Debug|Any CPU
		{6C39B6B3-54E5-4ECC-9D00-01B54B830A84}.Release|Any CPU.ActiveCfg = Release|Any CPU
		{6C39B6B3-54E5-4ECC-9D00-01B54B830A84}.Release|Any CPU.Build.0 = Release|Any CPU
		{CEE57A32-13B6-42F7-ACF9-67B2FA94C4D3}.Debug|Any CPU.ActiveCfg = Debug|Any CPU
		{CEE57A32-13B6-42F7-ACF9-67B2FA94C4D3}.Debug|Any CPU.Build.0 = Debug|Any CPU
		{CEE57A32-13B6-42F7-ACF9-67B2FA94C4D3}.Release|Any CPU.ActiveCfg = Release|Any CPU
		{CEE57A32-13B6-42F7-ACF9-67B2FA94C4D3}.Release|Any CPU.Build.0 = Release|Any CPU
		{708BC28D-98DA-4DB6-BABB-5B62964D19F0}.Debug|Any CPU.ActiveCfg = Debug|Any CPU
		{708BC28D-98DA-4DB6-BABB-5B62964D19F0}.Debug|Any CPU.Build.0 = Debug|Any CPU
		{708BC28D-98DA-4DB6-BABB-5B62964D19F0}.Release|Any CPU.ActiveCfg = Release|Any CPU
		{708BC28D-98DA-4DB6-BABB-5B62964D19F0}.Release|Any CPU.Build.0 = Release|Any CPU
		{B54C37A0-E8FA-4833-9CAF-F697E4ACD5A2}.Debug|Any CPU.ActiveCfg = Debug|Any CPU
		{B54C37A0-E8FA-4833-9CAF-F697E4ACD5A2}.Debug|Any CPU.Build.0 = Debug|Any CPU
		{B54C37A0-E8FA-4833-9CAF-F697E4ACD5A2}.Release|Any CPU.ActiveCfg = Release|Any CPU
		{B54C37A0-E8FA-4833-9CAF-F697E4ACD5A2}.Release|Any CPU.Build.0 = Release|Any CPU
		{706DF6CD-16E5-40C7-A2F7-92FD5D8412F5}.Debug|Any CPU.ActiveCfg = Debug|Any CPU
		{706DF6CD-16E5-40C7-A2F7-92FD5D8412F5}.Debug|Any CPU.Build.0 = Debug|Any CPU
		{706DF6CD-16E5-40C7-A2F7-92FD5D8412F5}.Release|Any CPU.ActiveCfg = Release|Any CPU
		{706DF6CD-16E5-40C7-A2F7-92FD5D8412F5}.Release|Any CPU.Build.0 = Release|Any CPU
		{002A9626-5EFB-4403-BE04-91043A69F070}.Debug|Any CPU.ActiveCfg = Debug|Any CPU
		{002A9626-5EFB-4403-BE04-91043A69F070}.Debug|Any CPU.Build.0 = Debug|Any CPU
		{002A9626-5EFB-4403-BE04-91043A69F070}.Release|Any CPU.ActiveCfg = Release|Any CPU
		{002A9626-5EFB-4403-BE04-91043A69F070}.Release|Any CPU.Build.0 = Release|Any CPU
	EndGlobalSection
	GlobalSection(SolutionProperties) = preSolution
		HideSolutionNode = FALSE
	EndGlobalSection
	GlobalSection(ExtensibilityGlobals) = postSolution
		SolutionGuid = {8483035F-34A0-4763-A235-CF2BF3B79904}
	EndGlobalSection
EndGlobal
