
Microsoft Visual Studio Solution File, Format Version 12.00
# Visual Studio Version 17
VisualStudioVersion = 17.2.32526.322
MinimumVisualStudioVersion = 10.0.40219.1
Project("{9A19103F-16F7-4668-BE54-9A1E7A4F7556}") = "MyBinaryTree", "MyBinaryTree\MyBinaryTree.csproj", "{0D765286-869A-4263-A5D5-870C62ABA812}"
EndProject
Project("{FAE04EC0-301F-11D3-BF4B-00C04F79EFBC}") = "MyBinarySearchTree", "MyBinarySearchTree\MyBinarySearchTree.csproj", "{0EE8D990-7BA7-45E0-998A-B71A725FD695}"
EndProject
Global
	GlobalSection(SolutionConfigurationPlatforms) = preSolution
		Debug|Any CPU = Debug|Any CPU
		Release|Any CPU = Release|Any CPU
	EndGlobalSection
	GlobalSection(ProjectConfigurationPlatforms) = postSolution
		{0D765286-869A-4263-A5D5-870C62ABA812}.Debug|Any CPU.ActiveCfg = Debug|Any CPU
		{0D765286-869A-4263-A5D5-870C62ABA812}.Debug|Any CPU.Build.0 = Debug|Any CPU
		{0D765286-869A-4263-A5D5-870C62ABA812}.Release|Any CPU.ActiveCfg = Release|Any CPU
		{0D765286-869A-4263-A5D5-870C62ABA812}.Release|Any CPU.Build.0 = Release|Any CPU
		{0EE8D990-7BA7-45E0-998A-B71A725FD695}.Debug|Any CPU.ActiveCfg = Debug|Any CPU
		{0EE8D990-7BA7-45E0-998A-B71A725FD695}.Debug|Any CPU.Build.0 = Debug|Any CPU
		{0EE8D990-7BA7-45E0-998A-B71A725FD695}.Release|Any CPU.ActiveCfg = Release|Any CPU
		{0EE8D990-7BA7-45E0-998A-B71A725FD695}.Release|Any CPU.Build.0 = Release|Any CPU
	EndGlobalSection
	GlobalSection(SolutionProperties) = preSolution
		HideSolutionNode = FALSE
	EndGlobalSection
	GlobalSection(ExtensibilityGlobals) = postSolution
		SolutionGuid = {C03D4DD7-1564-463E-91EC-F6FD08ECA6BE}
	EndGlobalSection
EndGlobal
